Microsoft Visual Studio Solution File, Format Version 12.00
# Visual Studio Version 17
VisualStudioVersion = 17.5.2.0
MinimumVisualStudioVersion = 10.0.40219.1
Project("{FAE04EC0-301F-11D3-BF4B-00C04F79EFBC}") = "Eu.EDelivery.AS4", "Eu.EDelivery.AS4.csproj", "{D1BDEDEC-CD97-B044-2769-18903445B40A}"
EndProject
Global
	GlobalSection(SolutionConfigurationPlatforms) = preSolution
		Debug|Any CPU = Debug|Any CPU
		Release|Any CPU = Release|Any CPU
	EndGlobalSection
	GlobalSection(ProjectConfigurationPlatforms) = postSolution
		{D1BDEDEC-CD97-B044-2769-18903445B40A}.Debug|Any CPU.ActiveCfg = Debug|Any CPU
		{D1BDEDEC-CD97-B044-2769-18903445B40A}.Debug|Any CPU.Build.0 = Debug|Any CPU
		{D1BDEDEC-CD97-B044-2769-18903445B40A}.Release|Any CPU.ActiveCfg = Release|Any CPU
		{D1BDEDEC-CD97-B044-2769-18903445B40A}.Release|Any CPU.Build.0 = Release|Any CPU
	EndGlobalSection
	GlobalSection(SolutionProperties) = preSolution
		HideSolutionNode = FALSE
	EndGlobalSection
	GlobalSection(ExtensibilityGlobals) = postSolution
		SolutionGuid = {6F24C394-FC86-4D85-B917-E81A5F44C50E}
	EndGlobalSection
EndGlobal
