
Microsoft Visual Studio Solution File, Format Version 12.00
# Visual Studio Version 18
VisualStudioVersion = 18.5.11723.231
MinimumVisualStudioVersion = 10.0.40219.1
Project("{FAE04EC0-301F-11D3-BF4B-00C04F79EFBC}") = "Eu.EDelivery.AS4", "Eu.EDelivery.AS4\Eu.EDelivery.AS4.csproj", "{8B0BA38F-C3F7-46C1-9E68-A7291C7B16B1}"
EndProject
Project("{FAE04EC0-301F-11D3-BF4B-00C04F79EFBC}") = "Eu.EDelivery.AS4.Receivers", "Eu.EDelivery.AS4.Receivers\Eu.EDelivery.AS4.Receivers.csproj", "{B0BE265A-8190-415C-8E46-2B85FE6BDBE7}"
EndProject
Project("{FAE04EC0-301F-11D3-BF4B-00C04F79EFBC}") = "Eu.EDelivery.AS4.ServiceHandler", "Eu.EDelivery.AS4.ServiceHandler\Eu.EDelivery.AS4.ServiceHandler.csproj", "{83D47064-14B4-4E42-8E10-ABE1EDA41920}"
EndProject
Project("{FAE04EC0-301F-11D3-BF4B-00C04F79EFBC}") = "Eu.EDelivery.AS4.Steps", "Eu.EDelivery.AS4.Steps\Eu.EDelivery.AS4.Steps.csproj", "{9208D4FA-018E-4DB4-A60D-EE475F5EC421}"
EndProject
Project("{FAE04EC0-301F-11D3-BF4B-00C04F79EFBC}") = "Eu.EDelivery.AS4.Transformers", "Eu.EDelivery.AS4.Transformers\Eu.EDelivery.AS4.Transformers.csproj", "{51C92C72-60F5-4DCE-B129-045640CA6D96}"
EndProject
Project("{2150E333-8FDC-42A3-9474-1A3956D46DE8}") = "Tests", "Tests", "{366569F7-B349-4BCE-9879-904A933BC73F}"
EndProject
Project("{FAE04EC0-301F-11D3-BF4B-00C04F79EFBC}") = "Eu.EDelivery.AS4.UnitTests", "Eu.EDelivery.AS4.UnitTests\Eu.EDelivery.AS4.UnitTests.csproj", "{8E13829C-19D7-498D-9383-EF52A92FC2C9}"
EndProject
Project("{FAE04EC0-301F-11D3-BF4B-00C04F79EFBC}") = "Eu.EDelivery.AS4.TestUtils", "Eu.EDelivery.AS4.TestUtils\Eu.EDelivery.AS4.TestUtils.csproj", "{243CFD29-BB90-4A9E-9DD8-3C0228C845ED}"
EndProject
Project("{2150E333-8FDC-42A3-9474-1A3956D46DE8}") = "Solution Items", "Solution Items", "{C0946820-5431-4B16-AB24-D3481F65DE2C}"
	ProjectSection(SolutionItems) = preProject
		.editorconfig = .editorconfig
		codecoverage.runsettings = codecoverage.runsettings
		Directory.Build.props = Directory.Build.props
		global.json = global.json
		NuGet.config = NuGet.config
	EndProjectSection
EndProject
Project("{FAE04EC0-301F-11D3-BF4B-00C04F79EFBC}") = "Eu.EDelivery.AS4.PayloadService", "Eu.EDelivery.AS4.PayloadService\Eu.EDelivery.AS4.PayloadService.csproj", "{1BAECD84-21A8-B150-5A11-80EB402BA9C0}"
EndProject
Project("{FAE04EC0-301F-11D3-BF4B-00C04F79EFBC}") = "AS4.ParserService", "AS4.ParserService\AS4.ParserService.csproj", "{51BD8CCB-9191-4285-A930-F347AF8A9797}"
EndProject
Project("{FAE04EC0-301F-11D3-BF4B-00C04F79EFBC}") = "Eu.EDelivery.AS4.Receivers.Http", "Eu.EDelivery.AS4.Receivers.Http\Eu.EDelivery.AS4.Receivers.Http.csproj", "{3F151352-84BE-4BC2-B681-3BE8FFA0C421}"
EndProject
Project("{FAE04EC0-301F-11D3-BF4B-00C04F79EFBC}") = "Eu.EDelivery.AS4.PayloadService.UnitTests", "Eu.EDelivery.AS4.PayloadService.UnitTests\Eu.EDelivery.AS4.PayloadService.UnitTests.csproj", "{6570BC24-B7DC-EF30-4E4F-3AD974F40C05}"
EndProject
Project("{FAE04EC0-301F-11D3-BF4B-00C04F79EFBC}") = "Eu.EDelivery.AS4.WindowsService", "Eu.EDelivery.AS4.WindowsService\Eu.EDelivery.AS4.WindowsService.csproj", "{D1F88397-2D6C-46C5-9A88-B89CD96CF6EF}"
EndProject
Project("{FAE04EC0-301F-11D3-BF4B-00C04F79EFBC}") = "Eu.EDelivery.AS4.Fe", "Eu.EDelivery.AS4.Fe\Eu.EDelivery.AS4.Fe.csproj", "{ECF0543A-82CB-AB2C-BC58-5CE795951409}"
EndProject
Project("{FAE04EC0-301F-11D3-BF4B-00C04F79EFBC}") = "Eu.EDelivery.AS4.Fe.UnitTests", "Eu.EDelivery.AS4.Fe.UnitTests\Eu.EDelivery.AS4.Fe.UnitTests.csproj", "{BF046E70-9AB2-48C8-9E86-BE35429FADC0}"
EndProject
Global
	GlobalSection(SolutionConfigurationPlatforms) = preSolution
		Debug|Any CPU = Debug|Any CPU
		Release|Any CPU = Release|Any CPU
	EndGlobalSection
	GlobalSection(ProjectConfigurationPlatforms) = postSolution
		{8B0BA38F-C3F7-46C1-9E68-A7291C7B16B1}.Debug|Any CPU.ActiveCfg = Debug|Any CPU
		{8B0BA38F-C3F7-46C1-9E68-A7291C7B16B1}.Debug|Any CPU.Build.0 = Debug|Any CPU
		{8B0BA38F-C3F7-46C1-9E68-A7291C7B16B1}.Release|Any CPU.ActiveCfg = Release|Any CPU
		{8B0BA38F-C3F7-46C1-9E68-A7291C7B16B1}.Release|Any CPU.Build.0 = Release|Any CPU
		{B0BE265A-8190-415C-8E46-2B85FE6BDBE7}.Debug|Any CPU.ActiveCfg = Debug|Any CPU
		{B0BE265A-8190-415C-8E46-2B85FE6BDBE7}.Debug|Any CPU.Build.0 = Debug|Any CPU
		{B0BE265A-8190-415C-8E46-2B85FE6BDBE7}.Release|Any CPU.ActiveCfg = Release|Any CPU
		{B0BE265A-8190-415C-8E46-2B85FE6BDBE7}.Release|Any CPU.Build.0 = Release|Any CPU
		{83D47064-14B4-4E42-8E10-ABE1EDA41920}.Debug|Any CPU.ActiveCfg = Debug|Any CPU
		{83D47064-14B4-4E42-8E10-ABE1EDA41920}.Debug|Any CPU.Build.0 = Debug|Any CPU
		{83D47064-14B4-4E42-8E10-ABE1EDA41920}.Release|Any CPU.ActiveCfg = Release|Any CPU
		{83D47064-14B4-4E42-8E10-ABE1EDA41920}.Release|Any CPU.Build.0 = Release|Any CPU
		{9208D4FA-018E-4DB4-A60D-EE475F5EC421}.Debug|Any CPU.ActiveCfg = Debug|Any CPU
		{9208D4FA-018E-4DB4-A60D-EE475F5EC421}.Debug|Any CPU.Build.0 = Debug|Any CPU
		{9208D4FA-018E-4DB4-A60D-EE475F5EC421}.Release|Any CPU.ActiveCfg = Release|Any CPU
		{9208D4FA-018E-4DB4-A60D-EE475F5EC421}.Release|Any CPU.Build.0 = Release|Any CPU
		{51C92C72-60F5-4DCE-B129-045640CA6D96}.Debug|Any CPU.ActiveCfg = Debug|Any CPU
		{51C92C72-60F5-4DCE-B129-045640CA6D96}.Debug|Any CPU.Build.0 = Debug|Any CPU
		{51C92C72-60F5-4DCE-B129-045640CA6D96}.Release|Any CPU.ActiveCfg = Release|Any CPU
		{51C92C72-60F5-4DCE-B129-045640CA6D96}.Release|Any CPU.Build.0 = Release|Any CPU
		{8E13829C-19D7-498D-9383-EF52A92FC2C9}.Debug|Any CPU.ActiveCfg = Debug|Any CPU
		{8E13829C-19D7-498D-9383-EF52A92FC2C9}.Debug|Any CPU.Build.0 = Debug|Any CPU
		{8E13829C-19D7-498D-9383-EF52A92FC2C9}.Release|Any CPU.ActiveCfg = Release|Any CPU
		{8E13829C-19D7-498D-9383-EF52A92FC2C9}.Release|Any CPU.Build.0 = Release|Any CPU
		{243CFD29-BB90-4A9E-9DD8-3C0228C845ED}.Debug|Any CPU.ActiveCfg = Debug|Any CPU
		{243CFD29-BB90-4A9E-9DD8-3C0228C845ED}.Debug|Any CPU.Build.0 = Debug|Any CPU
		{243CFD29-BB90-4A9E-9DD8-3C0228C845ED}.Release|Any CPU.ActiveCfg = Release|Any CPU
		{243CFD29-BB90-4A9E-9DD8-3C0228C845ED}.Release|Any CPU.Build.0 = Release|Any CPU
		{1BAECD84-21A8-B150-5A11-80EB402BA9C0}.Debug|Any CPU.ActiveCfg = Debug|Any CPU
		{1BAECD84-21A8-B150-5A11-80EB402BA9C0}.Debug|Any CPU.Build.0 = Debug|Any CPU
		{1BAECD84-21A8-B150-5A11-80EB402BA9C0}.Release|Any CPU.ActiveCfg = Release|Any CPU
		{1BAECD84-21A8-B150-5A11-80EB402BA9C0}.Release|Any CPU.Build.0 = Release|Any CPU
		{51BD8CCB-9191-4285-A930-F347AF8A9797}.Debug|Any CPU.ActiveCfg = Debug|Any CPU
		{51BD8CCB-9191-4285-A930-F347AF8A9797}.Debug|Any CPU.Build.0 = Debug|Any CPU
		{51BD8CCB-9191-4285-A930-F347AF8A9797}.Release|Any CPU.ActiveCfg = Release|Any CPU
		{51BD8CCB-9191-4285-A930-F347AF8A9797}.Release|Any CPU.Build.0 = Release|Any CPU
		{3F151352-84BE-4BC2-B681-3BE8FFA0C421}.Debug|Any CPU.ActiveCfg = Debug|Any CPU
		{3F151352-84BE-4BC2-B681-3BE8FFA0C421}.Debug|Any CPU.Build.0 = Debug|Any CPU
		{3F151352-84BE-4BC2-B681-3BE8FFA0C421}.Release|Any CPU.ActiveCfg = Release|Any CPU
		{3F151352-84BE-4BC2-B681-3BE8FFA0C421}.Release|Any CPU.Build.0 = Release|Any CPU
		{6570BC24-B7DC-EF30-4E4F-3AD974F40C05}.Debug|Any CPU.ActiveCfg = Debug|Any CPU
		{6570BC24-B7DC-EF30-4E4F-3AD974F40C05}.Debug|Any CPU.Build.0 = Debug|Any CPU
		{6570BC24-B7DC-EF30-4E4F-3AD974F40C05}.Release|Any CPU.ActiveCfg = Release|Any CPU
		{6570BC24-B7DC-EF30-4E4F-3AD974F40C05}.Release|Any CPU.Build.0 = Release|Any CPU
		{D1F88397-2D6C-46C5-9A88-B89CD96CF6EF}.Debug|Any CPU.ActiveCfg = Debug|Any CPU
		{D1F88397-2D6C-46C5-9A88-B89CD96CF6EF}.Debug|Any CPU.Build.0 = Debug|Any CPU
		{D1F88397-2D6C-46C5-9A88-B89CD96CF6EF}.Release|Any CPU.ActiveCfg = Release|Any CPU
		{D1F88397-2D6C-46C5-9A88-B89CD96CF6EF}.Release|Any CPU.Build.0 = Release|Any CPU
		{ECF0543A-82CB-AB2C-BC58-5CE795951409}.Debug|Any CPU.ActiveCfg = Debug|Any CPU
		{ECF0543A-82CB-AB2C-BC58-5CE795951409}.Debug|Any CPU.Build.0 = Debug|Any CPU
		{ECF0543A-82CB-AB2C-BC58-5CE795951409}.Release|Any CPU.ActiveCfg = Release|Any CPU
		{ECF0543A-82CB-AB2C-BC58-5CE795951409}.Release|Any CPU.Build.0 = Release|Any CPU
		{BF046E70-9AB2-48C8-9E86-BE35429FADC0}.Debug|Any CPU.ActiveCfg = Debug|Any CPU
		{BF046E70-9AB2-48C8-9E86-BE35429FADC0}.Debug|Any CPU.Build.0 = Debug|Any CPU
		{BF046E70-9AB2-48C8-9E86-BE35429FADC0}.Release|Any CPU.ActiveCfg = Release|Any CPU
		{BF046E70-9AB2-48C8-9E86-BE35429FADC0}.Release|Any CPU.Build.0 = Release|Any CPU
	EndGlobalSection
	GlobalSection(SolutionProperties) = preSolution
		HideSolutionNode = FALSE
	EndGlobalSection
	GlobalSection(NestedProjects) = preSolution
		{8E13829C-19D7-498D-9383-EF52A92FC2C9} = {366569F7-B349-4BCE-9879-904A933BC73F}
		{243CFD29-BB90-4A9E-9DD8-3C0228C845ED} = {366569F7-B349-4BCE-9879-904A933BC73F}
		{6570BC24-B7DC-EF30-4E4F-3AD974F40C05} = {366569F7-B349-4BCE-9879-904A933BC73F}
		{BF046E70-9AB2-48C8-9E86-BE35429FADC0} = {366569F7-B349-4BCE-9879-904A933BC73F}
	EndGlobalSection
	GlobalSection(ExtensibilityGlobals) = postSolution
		SolutionGuid = {FF0C851A-1A25-47A3-9206-43513B7E2071}
	EndGlobalSection
EndGlobal
